# This file was autogenerated by Stack.
# You should not edit this file by hand.
# For more information, please see the documentation at:
#   https://docs.haskellstack.org/en/stable/topics/lock_files

packages:
- completed:
    hackage: hegg-0.5.0.0@sha256:993731feab5c5cacb8c1aeeb3f23dd23fc38055156ddf3d5368f98ce3b21e208,6122
    pantry-tree:
      sha256: f898c6c914989e99a50602a1f97d60d3375153b24395724290828fe3476a9d1c
      size: 2443
  original:
    hackage: hegg-0.5.0.0
- completed:
    hackage: containers-0.6.8@sha256:bb2bec1bbc6b39a7c97cd95e056a5698ec45beb5d8feb6caae12af64e4bd823c,2670
    pantry-tree:
      sha256: 62d0b7f21a9f298867bbf0acae201d1fe4e32d309b4085a52c037eb551852811
      size: 2954
  original:
    hackage: containers-0.6.8
- completed:
    hackage: criterion-1.6.4.0@sha256:ffef33fe1fe8b4511054102e6f8ca892c94be4884464aa2ed76767bcbf8c9f73,5136
    pantry-tree:
      sha256: fc78a5ebbe148585a7ee56595b27911f1ebf36d87cb6a1f2a5954898a86db483
      size: 2323
  original:
    hackage: criterion-1.6.4.0
- completed:
    hackage: binary-0.8.9.3@sha256:8b03c7fd5a7f6803280fba87e38d534beb1dc92fec975de5bd36200633996ef2,6576
    pantry-tree:
      sha256: 32834cef5d28bfbe4ba230c12bdae4363a30911f898df9e6d5074fbbabcd549a
      size: 1976
  original:
    hackage: binary-0.8.9.3
- completed:
    hackage: parsec-3.1.18.0@sha256:dfbb9835b8abc966b6bbd34340ef5122227b4cf4480062b85ca4c4704f054f98,4535
    pantry-tree:
      sha256: 48ae1440eb8eb4fecde2a724c492e830ff2bec341117164302399b417733bf70
      size: 2810
  original:
    hackage: parsec-3.1.18.0
- completed:
    hackage: text-2.1.3@sha256:1907e0f6914e376df3a3a1fbc5a04e49c729d333de34babba4da30075048c60f,11185
    pantry-tree:
      sha256: 44a1a038eafd6d59998c0b327b231e344252a64b083300e56649ebf2b7c20646
      size: 8725
  original:
    hackage: text-2.1.3
snapshots:
- completed:
    sha256: d347039f81388e16ea93ddaf9ff1850abfba8f8680ff75fbdd177692542ceb26
    size: 726286
    url: https://raw.githubusercontent.com/commercialhaskell/stackage-snapshots/master/lts/24/8.yaml
  original:
    url: https://raw.githubusercontent.com/commercialhaskell/stackage-snapshots/master/lts/24/8.yaml
